// !$*UTF8*$!
{
	archiveVersion = 1;
	classes = {
	};
	objectVersion = 46;
	objects = {

/* Begin PBXBuildFile section */
		5BFF43A71A11957E00648937 /* AVFoundation.framework in Frameworks */ = {isa = PBXBuildFile; fileRef = 5BFF43A61A11957E00648937 /* AVFoundation.framework */; };
		5BFF43A91A11959400648937 /* CoreData.framework in Frameworks */ = {isa = PBXBuildFile; fileRef = 5BFF43A81A11959400648937 /* CoreData.framework */; };
		5BFF43AB1A1195A700648937 /* CoreText.framework in Frameworks */ = {isa = PBXBuildFile; fileRef = 5BFF43AA1A1195A700648937 /* CoreText.framework */; };
		5BFF43AD1A1195B600648937 /* GLKit.framework in Frameworks */ = {isa = PBXBuildFile; fileRef = 5BFF43AC1A1195B600648937 /* GLKit.framework */; };
		5BFF43AF1A1195C000648937 /* ImageIO.framework in Frameworks */ = {isa = PBXBuildFile; fileRef = 5BFF43AE1A1195C000648937 /* ImageIO.framework */; };
		5BFF43B11A1195CF00648937 /* libc++.dylib in Frameworks */ = {isa = PBXBuildFile; fileRef = 5BFF43B01A1195CF00648937 /* libc++.dylib */; };
		5BFF43B31A1195E000648937 /* libicucore.dylib in Frameworks */ = {isa = PBXBuildFile; fileRef = 5BFF43B21A1195E000648937 /* libicucore.dylib */; };
		5BFF43B51A1195F200648937 /* OpenGLES.framework in Frameworks */ = {isa = PBXBuildFile; fileRef = 5BFF43B41A1195F200648937 /* OpenGLES.framework */; };
		B1495B611A12AE6E00D0A45A /* FacebookSDK.framework in Frameworks */ = {isa = PBXBuildFile; fileRef = B1495B601A12AE6E00D0A45A /* FacebookSDK.framework */; };
		B1557DB81A103DCE005BD700 /* MapKit.framework in Frameworks */ = {isa = PBXBuildFile; fileRef = B1557DB71A103DCE005BD700 /* MapKit.framework */; };
		B155F4AE1A12A95200822F77 /* GoogleMaps.framework in Frameworks */ = {isa = PBXBuildFile; fileRef = B155F4AD1A12A95200822F77 /* GoogleMaps.framework */; };
		B155F4B01A12A96000822F77 /* GoogleMaps.bundle in Resources */ = {isa = PBXBuildFile; fileRef = B155F4AF1A12A96000822F77 /* GoogleMaps.bundle */; };
		B1705B2C1A0EBD1400538869 /* Rendezvous.xcdatamodeld in Sources */ = {isa = PBXBuildFile; fileRef = B1705B2A1A0EBD1400538869 /* Rendezvous.xcdatamodeld */; };
		B1705B331A0EBD1400538869 /* Images.xcassets in Resources */ = {isa = PBXBuildFile; fileRef = B1705B321A0EBD1400538869 /* Images.xcassets */; };
		B1705B361A0EBD1400538869 /* LaunchScreen.xib in Resources */ = {isa = PBXBuildFile; fileRef = B1705B341A0EBD1400538869 /* LaunchScreen.xib */; };
		B1705B421A0EBD1400538869 /* RendezvousTests.swift in Sources */ = {isa = PBXBuildFile; fileRef = B1705B411A0EBD1400538869 /* RendezvousTests.swift */; };
		B1B641201A0F0FDC00CFA4A0 /* Parse.framework in Frameworks */ = {isa = PBXBuildFile; fileRef = B1B6411C1A0F0FDC00CFA4A0 /* Parse.framework */; };
		B1B641211A0F0FDC00CFA4A0 /* ParseFacebookUtils.framework in Frameworks */ = {isa = PBXBuildFile; fileRef = B1B6411D1A0F0FDC00CFA4A0 /* ParseFacebookUtils.framework */; };
		B1B641221A0F0FDC00CFA4A0 /* ParseUI.framework in Frameworks */ = {isa = PBXBuildFile; fileRef = B1B6411E1A0F0FDC00CFA4A0 /* ParseUI.framework */; };
		B1B641241A0F107D00CFA4A0 /* AudioToolbox.framework in Frameworks */ = {isa = PBXBuildFile; fileRef = B1B641231A0F107D00CFA4A0 /* AudioToolbox.framework */; };
		B1B641261A0F108400CFA4A0 /* CFNetwork.framework in Frameworks */ = {isa = PBXBuildFile; fileRef = B1B641251A0F108400CFA4A0 /* CFNetwork.framework */; };
		B1B641281A0F108C00CFA4A0 /* CoreGraphics.framework in Frameworks */ = {isa = PBXBuildFile; fileRef = B1B641271A0F108C00CFA4A0 /* CoreGraphics.framework */; };
		B1B6412A1A0F109200CFA4A0 /* CoreLocation.framework in Frameworks */ = {isa = PBXBuildFile; fileRef = B1B641291A0F109200CFA4A0 /* CoreLocation.framework */; };
		B1B6412C1A0F109B00CFA4A0 /* libz.dylib in Frameworks */ = {isa = PBXBuildFile; fileRef = B1B6412B1A0F109B00CFA4A0 /* libz.dylib */; };
		B1B6412E1A0F10A100CFA4A0 /* MobileCoreServices.framework in Frameworks */ = {isa = PBXBuildFile; fileRef = B1B6412D1A0F10A100CFA4A0 /* MobileCoreServices.framework */; };
		B1B641301A0F10A800CFA4A0 /* QuartzCore.framework in Frameworks */ = {isa = PBXBuildFile; fileRef = B1B6412F1A0F10A800CFA4A0 /* QuartzCore.framework */; };
		B1B641321A0F10AE00CFA4A0 /* Security.framework in Frameworks */ = {isa = PBXBuildFile; fileRef = B1B641311A0F10AE00CFA4A0 /* Security.framework */; };
		B1B641341A0F10B400CFA4A0 /* StoreKit.framework in Frameworks */ = {isa = PBXBuildFile; fileRef = B1B641331A0F10B400CFA4A0 /* StoreKit.framework */; };
		B1B641361A0F10C100CFA4A0 /* SystemConfiguration.framework in Frameworks */ = {isa = PBXBuildFile; fileRef = B1B641351A0F10C100CFA4A0 /* SystemConfiguration.framework */; };
		B1D12D661A10ABD100D9D456 /* AppDelegate.swift in Sources */ = {isa = PBXBuildFile; fileRef = B1D12D631A10ABD100D9D456 /* AppDelegate.swift */; };
		B1D12D671A10ABD100D9D456 /* ContainerViewController.swift in Sources */ = {isa = PBXBuildFile; fileRef = B1D12D641A10ABD100D9D456 /* ContainerViewController.swift */; };
		B1D12D681A10ABD100D9D456 /* LoginViewController.swift in Sources */ = {isa = PBXBuildFile; fileRef = B1D12D651A10ABD100D9D456 /* LoginViewController.swift */; };
		B1D12D711A10ABE700D9D456 /* FeedCell.xib in Resources */ = {isa = PBXBuildFile; fileRef = B1D12D691A10ABE700D9D456 /* FeedCell.xib */; };
		B1D12D721A10ABE700D9D456 /* FeedViewController.swift in Sources */ = {isa = PBXBuildFile; fileRef = B1D12D6A1A10ABE700D9D456 /* FeedViewController.swift */; };
		B1D12D731A10ABE700D9D456 /* FeedViewController.xib in Resources */ = {isa = PBXBuildFile; fileRef = B1D12D6B1A10ABE700D9D456 /* FeedViewController.xib */; };
		B1D12D741A10ABE700D9D456 /* Main.storyboard in Resources */ = {isa = PBXBuildFile; fileRef = B1D12D6C1A10ABE700D9D456 /* Main.storyboard */; };
		B1D12D751A10ABE700D9D456 /* MapViewController.swift in Sources */ = {isa = PBXBuildFile; fileRef = B1D12D6D1A10ABE700D9D456 /* MapViewController.swift */; };
		B1D12D761A10ABE700D9D456 /* MapViewController.xib in Resources */ = {isa = PBXBuildFile; fileRef = B1D12D6E1A10ABE700D9D456 /* MapViewController.xib */; };
		B1D12D771A10ABE700D9D456 /* PostViewController.swift in Sources */ = {isa = PBXBuildFile; fileRef = B1D12D6F1A10ABE700D9D456 /* PostViewController.swift */; };
		B1D12D781A10ABE700D9D456 /* PostViewController.xib in Resources */ = {isa = PBXBuildFile; fileRef = B1D12D701A10ABE700D9D456 /* PostViewController.xib */; };
		B1D12D7A1A10B81B00D9D456 /* placeholder.png in Resources */ = {isa = PBXBuildFile; fileRef = B1D12D791A10B81B00D9D456 /* placeholder.png */; };
		B1F6BF1F1A12B99F005EA210 /* Bolts.framework in Frameworks */ = {isa = PBXBuildFile; fileRef = B1F6BF1E1A12B99F005EA210 /* Bolts.framework */; };
/* End PBXBuildFile section */

/* Begin PBXContainerItemProxy section */
		B1705B3C1A0EBD1400538869 /* PBXContainerItemProxy */ = {
			isa = PBXContainerItemProxy;
			containerPortal = B1705B1B1A0EBD1400538869 /* Project object */;
			proxyType = 1;
			remoteGlobalIDString = B1705B221A0EBD1400538869;
			remoteInfo = Rendezvous;
		};
/* End PBXContainerItemProxy section */

/* Begin PBXFileReference section */
		5BFF43A61A11957E00648937 /* AVFoundation.framework */ = {isa = PBXFileReference; lastKnownFileType = wrapper.framework; name = AVFoundation.framework; path = System/Library/Frameworks/AVFoundation.framework; sourceTree = SDKROOT; };
		5BFF43A81A11959400648937 /* CoreData.framework */ = {isa = PBXFileReference; lastKnownFileType = wrapper.framework; name = CoreData.framework; path = System/Library/Frameworks/CoreData.framework; sourceTree = SDKROOT; };
		5BFF43AA1A1195A700648937 /* CoreText.framework */ = {isa = PBXFileReference; lastKnownFileType = wrapper.framework; name = CoreText.framework; path = System/Library/Frameworks/CoreText.framework; sourceTree = SDKROOT; };
		5BFF43AC1A1195B600648937 /* GLKit.framework */ = {isa = PBXFileReference; lastKnownFileType = wrapper.framework; name = GLKit.framework; path = System/Library/Frameworks/GLKit.framework; sourceTree = SDKROOT; };
		5BFF43AE1A1195C000648937 /* ImageIO.framework */ = {isa = PBXFileReference; lastKnownFileType = wrapper.framework; name = ImageIO.framework; path = System/Library/Frameworks/ImageIO.framework; sourceTree = SDKROOT; };
		5BFF43B01A1195CF00648937 /* libc++.dylib */ = {isa = PBXFileReference; lastKnownFileType = "compiled.mach-o.dylib"; name = "libc++.dylib"; path = "usr/lib/libc++.dylib"; sourceTree = SDKROOT; };
		5BFF43B21A1195E000648937 /* libicucore.dylib */ = {isa = PBXFileReference; lastKnownFileType = "compiled.mach-o.dylib"; name = libicucore.dylib; path = usr/lib/libicucore.dylib; sourceTree = SDKROOT; };
		5BFF43B41A1195F200648937 /* OpenGLES.framework */ = {isa = PBXFileReference; lastKnownFileType = wrapper.framework; name = OpenGLES.framework; path = System/Library/Frameworks/OpenGLES.framework; sourceTree = SDKROOT; };
		B1495B601A12AE6E00D0A45A /* FacebookSDK.framework */ = {isa = PBXFileReference; lastKnownFileType = wrapper.framework; path = FacebookSDK.framework; sourceTree = "<group>"; };
		B1557DB71A103DCE005BD700 /* MapKit.framework */ = {isa = PBXFileReference; lastKnownFileType = wrapper.framework; name = MapKit.framework; path = System/Library/Frameworks/MapKit.framework; sourceTree = SDKROOT; };
		B155F4AD1A12A95200822F77 /* GoogleMaps.framework */ = {isa = PBXFileReference; lastKnownFileType = wrapper.framework; path = GoogleMaps.framework; sourceTree = "<group>"; };
		B155F4AF1A12A96000822F77 /* GoogleMaps.bundle */ = {isa = PBXFileReference; lastKnownFileType = "wrapper.plug-in"; name = GoogleMaps.bundle; path = GoogleMaps.framework/Versions/A/Resources/GoogleMaps.bundle; sourceTree = "<group>"; };
		B1705B231A0EBD1400538869 /* Rendezvous.app */ = {isa = PBXFileReference; explicitFileType = wrapper.application; includeInIndex = 0; path = Rendezvous.app; sourceTree = BUILT_PRODUCTS_DIR; };
		B1705B271A0EBD1400538869 /* Info.plist */ = {isa = PBXFileReference; lastKnownFileType = text.plist.xml; path = Info.plist; sourceTree = "<group>"; };
		B1705B2B1A0EBD1400538869 /* Rendezvous.xcdatamodel */ = {isa = PBXFileReference; lastKnownFileType = wrapper.xcdatamodel; path = Rendezvous.xcdatamodel; sourceTree = "<group>"; };
		B1705B321A0EBD1400538869 /* Images.xcassets */ = {isa = PBXFileReference; lastKnownFileType = folder.assetcatalog; path = Images.xcassets; sourceTree = "<group>"; };
		B1705B351A0EBD1400538869 /* Base */ = {isa = PBXFileReference; lastKnownFileType = file.xib; name = Base; path = Base.lproj/LaunchScreen.xib; sourceTree = "<group>"; };
		B1705B3B1A0EBD1400538869 /* RendezvousTests.xctest */ = {isa = PBXFileReference; explicitFileType = wrapper.cfbundle; includeInIndex = 0; path = RendezvousTests.xctest; sourceTree = BUILT_PRODUCTS_DIR; };
		B1705B401A0EBD1400538869 /* Info.plist */ = {isa = PBXFileReference; lastKnownFileType = text.plist.xml; path = Info.plist; sourceTree = "<group>"; };
		B1705B411A0EBD1400538869 /* RendezvousTests.swift */ = {isa = PBXFileReference; lastKnownFileType = sourcecode.swift; path = RendezvousTests.swift; sourceTree = "<group>"; };
		B1B641181A0F0C1100CFA4A0 /* Rendezvous-Bridging-Header.h */ = {isa = PBXFileReference; lastKnownFileType = sourcecode.c.h; path = "Rendezvous-Bridging-Header.h"; sourceTree = "<group>"; };
		B1B6411C1A0F0FDC00CFA4A0 /* Parse.framework */ = {isa = PBXFileReference; lastKnownFileType = wrapper.framework; path = Parse.framework; sourceTree = "<group>"; };
		B1B6411D1A0F0FDC00CFA4A0 /* ParseFacebookUtils.framework */ = {isa = PBXFileReference; lastKnownFileType = wrapper.framework; path = ParseFacebookUtils.framework; sourceTree = "<group>"; };
		B1B6411E1A0F0FDC00CFA4A0 /* ParseUI.framework */ = {isa = PBXFileReference; lastKnownFileType = wrapper.framework; path = ParseUI.framework; sourceTree = "<group>"; };
		B1B641231A0F107D00CFA4A0 /* AudioToolbox.framework */ = {isa = PBXFileReference; lastKnownFileType = wrapper.framework; name = AudioToolbox.framework; path = System/Library/Frameworks/AudioToolbox.framework; sourceTree = SDKROOT; };
		B1B641251A0F108400CFA4A0 /* CFNetwork.framework */ = {isa = PBXFileReference; lastKnownFileType = wrapper.framework; name = CFNetwork.framework; path = System/Library/Frameworks/CFNetwork.framework; sourceTree = SDKROOT; };
		B1B641271A0F108C00CFA4A0 /* CoreGraphics.framework */ = {isa = PBXFileReference; lastKnownFileType = wrapper.framework; name = CoreGraphics.framework; path = System/Library/Frameworks/CoreGraphics.framework; sourceTree = SDKROOT; };
		B1B641291A0F109200CFA4A0 /* CoreLocation.framework */ = {isa = PBXFileReference; lastKnownFileType = wrapper.framework; name = CoreLocation.framework; path = System/Library/Frameworks/CoreLocation.framework; sourceTree = SDKROOT; };
		B1B6412B1A0F109B00CFA4A0 /* libz.dylib */ = {isa = PBXFileReference; lastKnownFileType = "compiled.mach-o.dylib"; name = libz.dylib; path = usr/lib/libz.dylib; sourceTree = SDKROOT; };
		B1B6412D1A0F10A100CFA4A0 /* MobileCoreServices.framework */ = {isa = PBXFileReference; lastKnownFileType = wrapper.framework; name = MobileCoreServices.framework; path = System/Library/Frameworks/MobileCoreServices.framework; sourceTree = SDKROOT; };
		B1B6412F1A0F10A800CFA4A0 /* QuartzCore.framework */ = {isa = PBXFileReference; lastKnownFileType = wrapper.framework; name = QuartzCore.framework; path = System/Library/Frameworks/QuartzCore.framework; sourceTree = SDKROOT; };
		B1B641311A0F10AE00CFA4A0 /* Security.framework */ = {isa = PBXFileReference; lastKnownFileType = wrapper.framework; name = Security.framework; path = System/Library/Frameworks/Security.framework; sourceTree = SDKROOT; };
		B1B641331A0F10B400CFA4A0 /* StoreKit.framework */ = {isa = PBXFileReference; lastKnownFileType = wrapper.framework; name = StoreKit.framework; path = System/Library/Frameworks/StoreKit.framework; sourceTree = SDKROOT; };
		B1B641351A0F10C100CFA4A0 /* SystemConfiguration.framework */ = {isa = PBXFileReference; lastKnownFileType = wrapper.framework; name = SystemConfiguration.framework; path = System/Library/Frameworks/SystemConfiguration.framework; sourceTree = SDKROOT; };
		B1D12D631A10ABD100D9D456 /* AppDelegate.swift */ = {isa = PBXFileReference; fileEncoding = 4; lastKnownFileType = sourcecode.swift; path = AppDelegate.swift; sourceTree = "<group>"; };
		B1D12D641A10ABD100D9D456 /* ContainerViewController.swift */ = {isa = PBXFileReference; fileEncoding = 4; lastKnownFileType = sourcecode.swift; path = ContainerViewController.swift; sourceTree = "<group>"; };
		B1D12D651A10ABD100D9D456 /* LoginViewController.swift */ = {isa = PBXFileReference; fileEncoding = 4; lastKnownFileType = sourcecode.swift; path = LoginViewController.swift; sourceTree = "<group>"; };
		B1D12D691A10ABE700D9D456 /* FeedCell.xib */ = {isa = PBXFileReference; fileEncoding = 4; lastKnownFileType = file.xib; path = FeedCell.xib; sourceTree = "<group>"; };
		B1D12D6A1A10ABE700D9D456 /* FeedViewController.swift */ = {isa = PBXFileReference; fileEncoding = 4; lastKnownFileType = sourcecode.swift; path = FeedViewController.swift; sourceTree = "<group>"; };
		B1D12D6B1A10ABE700D9D456 /* FeedViewController.xib */ = {isa = PBXFileReference; fileEncoding = 4; lastKnownFileType = file.xib; path = FeedViewController.xib; sourceTree = "<group>"; };
		B1D12D6C1A10ABE700D9D456 /* Main.storyboard */ = {isa = PBXFileReference; fileEncoding = 4; lastKnownFileType = file.storyboard; path = Main.storyboard; sourceTree = "<group>"; };
		B1D12D6D1A10ABE700D9D456 /* MapViewController.swift */ = {isa = PBXFileReference; fileEncoding = 4; lastKnownFileType = sourcecode.swift; path = MapViewController.swift; sourceTree = "<group>"; };
		B1D12D6E1A10ABE700D9D456 /* MapViewController.xib */ = {isa = PBXFileReference; fileEncoding = 4; lastKnownFileType = file.xib; path = MapViewController.xib; sourceTree = "<group>"; };
		B1D12D6F1A10ABE700D9D456 /* PostViewController.swift */ = {isa = PBXFileReference; fileEncoding = 4; lastKnownFileType = sourcecode.swift; path = PostViewController.swift; sourceTree = "<group>"; };
		B1D12D701A10ABE700D9D456 /* PostViewController.xib */ = {isa = PBXFileReference; fileEncoding = 4; lastKnownFileType = file.xib; path = PostViewController.xib; sourceTree = "<group>"; };
		B1D12D791A10B81B00D9D456 /* placeholder.png */ = {isa = PBXFileReference; lastKnownFileType = image.png; path = placeholder.png; sourceTree = "<group>"; };
		B1F6BF1E1A12B99F005EA210 /* Bolts.framework */ = {isa = PBXFileReference; lastKnownFileType = wrapper.framework; path = Bolts.framework; sourceTree = "<group>"; };
/* End PBXFileReference section */

/* Begin PBXFrameworksBuildPhase section */
		B1705B201A0EBD1400538869 /* Frameworks */ = {
			isa = PBXFrameworksBuildPhase;
			buildActionMask = 2147483647;
			files = (
				B1F6BF1F1A12B99F005EA210 /* Bolts.framework in Frameworks */,
				B1B641301A0F10A800CFA4A0 /* QuartzCore.framework in Frameworks */,
				5BFF43B51A1195F200648937 /* OpenGLES.framework in Frameworks */,
				B1B6412C1A0F109B00CFA4A0 /* libz.dylib in Frameworks */,
				5BFF43B31A1195E000648937 /* libicucore.dylib in Frameworks */,
				5BFF43B11A1195CF00648937 /* libc++.dylib in Frameworks */,
				5BFF43AF1A1195C000648937 /* ImageIO.framework in Frameworks */,
				5BFF43AD1A1195B600648937 /* GLKit.framework in Frameworks */,
				5BFF43AB1A1195A700648937 /* CoreText.framework in Frameworks */,
				B1B6412A1A0F109200CFA4A0 /* CoreLocation.framework in Frameworks */,
				5BFF43A91A11959400648937 /* CoreData.framework in Frameworks */,
				5BFF43A71A11957E00648937 /* AVFoundation.framework in Frameworks */,
				B1557DB81A103DCE005BD700 /* MapKit.framework in Frameworks */,
				B1B641361A0F10C100CFA4A0 /* SystemConfiguration.framework in Frameworks */,
				B1B641341A0F10B400CFA4A0 /* StoreKit.framework in Frameworks */,
				B1B641321A0F10AE00CFA4A0 /* Security.framework in Frameworks */,
				B1B6412E1A0F10A100CFA4A0 /* MobileCoreServices.framework in Frameworks */,
				B1B641281A0F108C00CFA4A0 /* CoreGraphics.framework in Frameworks */,
				B1B641261A0F108400CFA4A0 /* CFNetwork.framework in Frameworks */,
				B1B641241A0F107D00CFA4A0 /* AudioToolbox.framework in Frameworks */,
				B1B641201A0F0FDC00CFA4A0 /* Parse.framework in Frameworks */,
				B1B641221A0F0FDC00CFA4A0 /* ParseUI.framework in Frameworks */,
				B1B641211A0F0FDC00CFA4A0 /* ParseFacebookUtils.framework in Frameworks */,
				B1495B611A12AE6E00D0A45A /* FacebookSDK.framework in Frameworks */,
				B155F4AE1A12A95200822F77 /* GoogleMaps.framework in Frameworks */,
			);
			runOnlyForDeploymentPostprocessing = 0;
		};
		B1705B381A0EBD1400538869 /* Frameworks */ = {
			isa = PBXFrameworksBuildPhase;
			buildActionMask = 2147483647;
			files = (
			);
			runOnlyForDeploymentPostprocessing = 0;
		};
/* End PBXFrameworksBuildPhase section */

/* Begin PBXGroup section */
		B1705B1A1A0EBD1400538869 = {
			isa = PBXGroup;
			children = (
				B1705B251A0EBD1400538869 /* Rendezvous */,
				B1705B3E1A0EBD1400538869 /* RendezvousTests */,
				B1705B241A0EBD1400538869 /* Products */,
			);
			sourceTree = "<group>";
		};
		B1705B241A0EBD1400538869 /* Products */ = {
			isa = PBXGroup;
			children = (
				B1705B231A0EBD1400538869 /* Rendezvous.app */,
				B1705B3B1A0EBD1400538869 /* RendezvousTests.xctest */,
			);
			name = Products;
			sourceTree = "<group>";
		};
		B1705B251A0EBD1400538869 /* Rendezvous */ = {
			isa = PBXGroup;
			children = (
				B1D12D6C1A10ABE700D9D456 /* Main.storyboard */,
				B1D12D631A10ABD100D9D456 /* AppDelegate.swift */,
				B1D12D641A10ABD100D9D456 /* ContainerViewController.swift */,
				B1D12D651A10ABD100D9D456 /* LoginViewController.swift */,
				B1B641171A0F0BEB00CFA4A0 /* Frameworks */,
				B1705B591A0EBD6800538869 /* ViewControllers */,
				B1705B321A0EBD1400538869 /* Images.xcassets */,
				B1705B341A0EBD1400538869 /* LaunchScreen.xib */,
				B1705B2A1A0EBD1400538869 /* Rendezvous.xcdatamodeld */,
				B1705B261A0EBD1400538869 /* Supporting Files */,
			);
			path = Rendezvous;
			sourceTree = "<group>";
		};
		B1705B261A0EBD1400538869 /* Supporting Files */ = {
			isa = PBXGroup;
			children = (
				B1D12D791A10B81B00D9D456 /* placeholder.png */,
				B1B641181A0F0C1100CFA4A0 /* Rendezvous-Bridging-Header.h */,
				B1705B271A0EBD1400538869 /* Info.plist */,
			);
			name = "Supporting Files";
			sourceTree = "<group>";
		};
		B1705B3E1A0EBD1400538869 /* RendezvousTests */ = {
			isa = PBXGroup;
			children = (
				B1705B411A0EBD1400538869 /* RendezvousTests.swift */,
				B1705B3F1A0EBD1400538869 /* Supporting Files */,
			);
			path = RendezvousTests;
			sourceTree = "<group>";
		};
		B1705B3F1A0EBD1400538869 /* Supporting Files */ = {
			isa = PBXGroup;
			children = (
				B1705B401A0EBD1400538869 /* Info.plist */,
			);
			name = "Supporting Files";
			sourceTree = "<group>";
		};
		B1705B591A0EBD6800538869 /* ViewControllers */ = {
			isa = PBXGroup;
			children = (
				B1D12D691A10ABE700D9D456 /* FeedCell.xib */,
				B1D12D6A1A10ABE700D9D456 /* FeedViewController.swift */,
				B1D12D6B1A10ABE700D9D456 /* FeedViewController.xib */,
				B1D12D6D1A10ABE700D9D456 /* MapViewController.swift */,
				B1D12D6E1A10ABE700D9D456 /* MapViewController.xib */,
				B1D12D6F1A10ABE700D9D456 /* PostViewController.swift */,
				B1D12D701A10ABE700D9D456 /* PostViewController.xib */,
			);
			name = ViewControllers;
			sourceTree = "<group>";
		};
		B1B641171A0F0BEB00CFA4A0 /* Frameworks */ = {
			isa = PBXGroup;
			children = (
				B1F6BF1E1A12B99F005EA210 /* Bolts.framework */,
				B1495B601A12AE6E00D0A45A /* FacebookSDK.framework */,
				B155F4AF1A12A96000822F77 /* GoogleMaps.bundle */,
				B155F4AD1A12A95200822F77 /* GoogleMaps.framework */,
				5BFF43B41A1195F200648937 /* OpenGLES.framework */,
				5BFF43B21A1195E000648937 /* libicucore.dylib */,
				5BFF43B01A1195CF00648937 /* libc++.dylib */,
				5BFF43AE1A1195C000648937 /* ImageIO.framework */,
				5BFF43AC1A1195B600648937 /* GLKit.framework */,
				5BFF43AA1A1195A700648937 /* CoreText.framework */,
				5BFF43A81A11959400648937 /* CoreData.framework */,
				5BFF43A61A11957E00648937 /* AVFoundation.framework */,
				B1557DB71A103DCE005BD700 /* MapKit.framework */,
				B1B641351A0F10C100CFA4A0 /* SystemConfiguration.framework */,
				B1B641331A0F10B400CFA4A0 /* StoreKit.framework */,
				B1B641311A0F10AE00CFA4A0 /* Security.framework */,
				B1B6412F1A0F10A800CFA4A0 /* QuartzCore.framework */,
				B1B6412D1A0F10A100CFA4A0 /* MobileCoreServices.framework */,
				B1B6412B1A0F109B00CFA4A0 /* libz.dylib */,
				B1B641291A0F109200CFA4A0 /* CoreLocation.framework */,
				B1B641271A0F108C00CFA4A0 /* CoreGraphics.framework */,
				B1B641251A0F108400CFA4A0 /* CFNetwork.framework */,
				B1B641231A0F107D00CFA4A0 /* AudioToolbox.framework */,
				B1B6411C1A0F0FDC00CFA4A0 /* Parse.framework */,
				B1B6411D1A0F0FDC00CFA4A0 /* ParseFacebookUtils.framework */,
				B1B6411E1A0F0FDC00CFA4A0 /* ParseUI.framework */,
			);
			name = Frameworks;
			sourceTree = "<group>";
		};
/* End PBXGroup section */

/* Begin PBXNativeTarget section */
		B1705B221A0EBD1400538869 /* Rendezvous */ = {
			isa = PBXNativeTarget;
			buildConfigurationList = B1705B451A0EBD1400538869 /* Build configuration list for PBXNativeTarget "Rendezvous" */;
			buildPhases = (
				B1705B1F1A0EBD1400538869 /* Sources */,
				B1705B201A0EBD1400538869 /* Frameworks */,
				B1705B211A0EBD1400538869 /* Resources */,
			);
			buildRules = (
			);
			dependencies = (
			);
			name = Rendezvous;
			productName = Rendezvous;
			productReference = B1705B231A0EBD1400538869 /* Rendezvous.app */;
			productType = "com.apple.product-type.application";
		};
		B1705B3A1A0EBD1400538869 /* RendezvousTests */ = {
			isa = PBXNativeTarget;
			buildConfigurationList = B1705B481A0EBD1400538869 /* Build configuration list for PBXNativeTarget "RendezvousTests" */;
			buildPhases = (
				B1705B371A0EBD1400538869 /* Sources */,
				B1705B381A0EBD1400538869 /* Frameworks */,
				B1705B391A0EBD1400538869 /* Resources */,
			);
			buildRules = (
			);
			dependencies = (
				B1705B3D1A0EBD1400538869 /* PBXTargetDependency */,
			);
			name = RendezvousTests;
			productName = RendezvousTests;
			productReference = B1705B3B1A0EBD1400538869 /* RendezvousTests.xctest */;
			productType = "com.apple.product-type.bundle.unit-test";
		};
/* End PBXNativeTarget section */

/* Begin PBXProject section */
		B1705B1B1A0EBD1400538869 /* Project object */ = {
			isa = PBXProject;
			attributes = {
				LastUpgradeCheck = 0610;
				ORGANIZATIONNAME = "Connor Giles";
				TargetAttributes = {
					B1705B221A0EBD1400538869 = {
						CreatedOnToolsVersion = 6.1;
					};
					B1705B3A1A0EBD1400538869 = {
						CreatedOnToolsVersion = 6.1;
						TestTargetID = B1705B221A0EBD1400538869;
					};
				};
			};
			buildConfigurationList = B1705B1E1A0EBD1400538869 /* Build configuration list for PBXProject "Rendezvous" */;
			compatibilityVersion = "Xcode 3.2";
			developmentRegion = English;
			hasScannedForEncodings = 0;
			knownRegions = (
				en,
				Base,
				ar,
				ca,
				cs,
				da,
				de,
				el,
				en_GB,
				es,
				fi,
				fr,
				he,
				hr,
				hu,
				id,
				it,
				ja,
				ko,
				ms,
				nl,
				no,
				pl,
				pt,
				pt_PT,
				ro,
				ru,
				sk,
				sv,
				th,
				tr,
				uk,
				vi,
				zh_CN,
				zh_TW,
			);
			mainGroup = B1705B1A1A0EBD1400538869;
			productRefGroup = B1705B241A0EBD1400538869 /* Products */;
			projectDirPath = "";
			projectRoot = "";
			targets = (
				B1705B221A0EBD1400538869 /* Rendezvous */,
				B1705B3A1A0EBD1400538869 /* RendezvousTests */,
			);
		};
/* End PBXProject section */

/* Begin PBXResourcesBuildPhase section */
		B1705B211A0EBD1400538869 /* Resources */ = {
			isa = PBXResourcesBuildPhase;
			buildActionMask = 2147483647;
			files = (
				B155F4B01A12A96000822F77 /* GoogleMaps.bundle in Resources */,
				B1705B361A0EBD1400538869 /* LaunchScreen.xib in Resources */,
				B1D12D761A10ABE700D9D456 /* MapViewController.xib in Resources */,
				B1D12D7A1A10B81B00D9D456 /* placeholder.png in Resources */,
				B1D12D741A10ABE700D9D456 /* Main.storyboard in Resources */,
				B1705B331A0EBD1400538869 /* Images.xcassets in Resources */,
				B1D12D731A10ABE700D9D456 /* FeedViewController.xib in Resources */,
				B1D12D711A10ABE700D9D456 /* FeedCell.xib in Resources */,
				B1D12D781A10ABE700D9D456 /* PostViewController.xib in Resources */,
			);
			runOnlyForDeploymentPostprocessing = 0;
		};
		B1705B391A0EBD1400538869 /* Resources */ = {
			isa = PBXResourcesBuildPhase;
			buildActionMask = 2147483647;
			files = (
			);
			runOnlyForDeploymentPostprocessing = 0;
		};
/* End PBXResourcesBuildPhase section */

/* Begin PBXSourcesBuildPhase section */
		B1705B1F1A0EBD1400538869 /* Sources */ = {
			isa = PBXSourcesBuildPhase;
			buildActionMask = 2147483647;
			files = (
				B1D12D681A10ABD100D9D456 /* LoginViewController.swift in Sources */,
				B1D12D751A10ABE700D9D456 /* MapViewController.swift in Sources */,
				B1D12D771A10ABE700D9D456 /* PostViewController.swift in Sources */,
				B1D12D661A10ABD100D9D456 /* AppDelegate.swift in Sources */,
				B1D12D721A10ABE700D9D456 /* FeedViewController.swift in Sources */,
				B1D12D671A10ABD100D9D456 /* ContainerViewController.swift in Sources */,
				B1705B2C1A0EBD1400538869 /* Rendezvous.xcdatamodeld in Sources */,
			);
			runOnlyForDeploymentPostprocessing = 0;
		};
		B1705B371A0EBD1400538869 /* Sources */ = {
			isa = PBXSourcesBuildPhase;
			buildActionMask = 2147483647;
			files = (
				B1705B421A0EBD1400538869 /* RendezvousTests.swift in Sources */,
			);
			runOnlyForDeploymentPostprocessing = 0;
		};
/* End PBXSourcesBuildPhase section */

/* Begin PBXTargetDependency section */
		B1705B3D1A0EBD1400538869 /* PBXTargetDependency */ = {
			isa = PBXTargetDependency;
			target = B1705B221A0EBD1400538869 /* Rendezvous */;
			targetProxy = B1705B3C1A0EBD1400538869 /* PBXContainerItemProxy */;
		};
/* End PBXTargetDependency section */

/* Begin PBXVariantGroup section */
		B1705B341A0EBD1400538869 /* LaunchScreen.xib */ = {
			isa = PBXVariantGroup;
			children = (
				B1705B351A0EBD1400538869 /* Base */,
			);
			name = LaunchScreen.xib;
			sourceTree = "<group>";
		};
/* End PBXVariantGroup section */

/* Begin XCBuildConfiguration section */
		B1705B431A0EBD1400538869 /* Debug */ = {
			isa = XCBuildConfiguration;
			buildSettings = {
				ALWAYS_SEARCH_USER_PATHS = NO;
				"ARCHS[sdk=*]" = "$(ARCHS_STANDARD)";
				CLANG_CXX_LANGUAGE_STANDARD = "gnu++0x";
				CLANG_CXX_LIBRARY = "libc++";
				CLANG_ENABLE_MODULES = YES;
				CLANG_ENABLE_OBJC_ARC = YES;
				CLANG_WARN_BOOL_CONVERSION = YES;
				CLANG_WARN_CONSTANT_CONVERSION = YES;
				CLANG_WARN_DIRECT_OBJC_ISA_USAGE = YES_ERROR;
				CLANG_WARN_EMPTY_BODY = YES;
				CLANG_WARN_ENUM_CONVERSION = YES;
				CLANG_WARN_INT_CONVERSION = YES;
				CLANG_WARN_OBJC_ROOT_CLASS = YES_ERROR;
				CLANG_WARN_UNREACHABLE_CODE = YES;
				CLANG_WARN__DUPLICATE_METHOD_MATCH = YES;
				CODE_SIGN_IDENTITY = "iPhone Developer: Connor Giles (7LW3F833T8)";
				"CODE_SIGN_IDENTITY[sdk=iphoneos*]" = "iPhone Developer: Connor Giles (7LW3F833T8)";
				COPY_PHASE_STRIP = NO;
				ENABLE_STRICT_OBJC_MSGSEND = YES;
				GCC_C_LANGUAGE_STANDARD = gnu99;
				GCC_DYNAMIC_NO_PIC = NO;
				GCC_OPTIMIZATION_LEVEL = 0;
				GCC_PREPROCESSOR_DEFINITIONS = (
					"DEBUG=1",
					"$(inherited)",
				);
				GCC_SYMBOLS_PRIVATE_EXTERN = NO;
				GCC_WARN_64_TO_32_BIT_CONVERSION = YES;
				GCC_WARN_ABOUT_RETURN_TYPE = YES_ERROR;
				GCC_WARN_UNDECLARED_SELECTOR = YES;
				GCC_WARN_UNINITIALIZED_AUTOS = YES_AGGRESSIVE;
				GCC_WARN_UNUSED_FUNCTION = YES;
				GCC_WARN_UNUSED_VARIABLE = YES;
				IPHONEOS_DEPLOYMENT_TARGET = 8.1;
				MTL_ENABLE_DEBUG_INFO = YES;
				ONLY_ACTIVE_ARCH = YES;
				OTHER_LDFLAGS = "-ObjC";
				SDKROOT = iphoneos;
				SWIFT_OPTIMIZATION_LEVEL = "-Onone";
			};
			name = Debug;
		};
		B1705B441A0EBD1400538869 /* Release */ = {
			isa = XCBuildConfiguration;
			buildSettings = {
				ALWAYS_SEARCH_USER_PATHS = NO;
				CLANG_CXX_LANGUAGE_STANDARD = "gnu++0x";
				CLANG_CXX_LIBRARY = "libc++";
				CLANG_ENABLE_MODULES = YES;
				CLANG_ENABLE_OBJC_ARC = YES;
				CLANG_WARN_BOOL_CONVERSION = YES;
				CLANG_WARN_CONSTANT_CONVERSION = YES;
				CLANG_WARN_DIRECT_OBJC_ISA_USAGE = YES_ERROR;
				CLANG_WARN_EMPTY_BODY = YES;
				CLANG_WARN_ENUM_CONVERSION = YES;
				CLANG_WARN_INT_CONVERSION = YES;
				CLANG_WARN_OBJC_ROOT_CLASS = YES_ERROR;
				CLANG_WARN_UNREACHABLE_CODE = YES;
				CLANG_WARN__DUPLICATE_METHOD_MATCH = YES;
				CODE_SIGN_IDENTITY = "iPhone Developer: Connor Giles (7LW3F833T8)";
				"CODE_SIGN_IDENTITY[sdk=iphoneos*]" = "iPhone Developer: Connor Giles (7LW3F833T8)";
				COPY_PHASE_STRIP = YES;
				ENABLE_NS_ASSERTIONS = NO;
				ENABLE_STRICT_OBJC_MSGSEND = YES;
				GCC_C_LANGUAGE_STANDARD = gnu99;
				GCC_WARN_64_TO_32_BIT_CONVERSION = YES;
				GCC_WARN_ABOUT_RETURN_TYPE = YES_ERROR;
				GCC_WARN_UNDECLARED_SELECTOR = YES;
				GCC_WARN_UNINITIALIZED_AUTOS = YES_AGGRESSIVE;
				GCC_WARN_UNUSED_FUNCTION = YES;
				GCC_WARN_UNUSED_VARIABLE = YES;
				IPHONEOS_DEPLOYMENT_TARGET = 8.1;
				MTL_ENABLE_DEBUG_INFO = NO;
				OTHER_LDFLAGS = "";
				SDKROOT = iphoneos;
				VALIDATE_PRODUCT = YES;
			};
			name = Release;
		};
		B1705B461A0EBD1400538869 /* Debug */ = {
			isa = XCBuildConfiguration;
			buildSettings = {
				ALWAYS_SEARCH_USER_PATHS = YES;
				ASSETCATALOG_COMPILER_APPICON_NAME = AppIcon;
				CLANG_ENABLE_MODULES = YES;
				CODE_SIGN_IDENTITY = "iPhone Developer: Connor Giles (7LW3F833T8)";
				FRAMEWORK_SEARCH_PATHS = (
					"$(inherited)",
					"$(PROJECT_DIR)/Rendezvous",
				);
				INFOPLIST_FILE = Rendezvous/Info.plist;
				LD_RUNPATH_SEARCH_PATHS = "$(inherited) @executable_path/Frameworks";
				LIBRARY_SEARCH_PATHS = (
					"$(inherited)",
					"$(PROJECT_DIR)/Rendezvous",
				);
				PRODUCT_NAME = "$(TARGET_NAME)";
				SWIFT_OBJC_BRIDGING_HEADER = "Rendezvous/Rendezvous-Bridging-Header.h";
				SWIFT_OPTIMIZATION_LEVEL = "-Onone";
				null = "";
			};
			name = Debug;
		};
		B1705B471A0EBD1400538869 /* Release */ = {
			isa = XCBuildConfiguration;
			buildSettings = {
				ALWAYS_SEARCH_USER_PATHS = YES;
				ASSETCATALOG_COMPILER_APPICON_NAME = AppIcon;
				CLANG_ENABLE_MODULES = YES;
				CODE_SIGN_IDENTITY = "iPhone Developer: Connor Giles (7LW3F833T8)";
				FRAMEWORK_SEARCH_PATHS = (
					"$(inherited)",
					"$(PROJECT_DIR)/Rendezvous",
				);
				INFOPLIST_FILE = Rendezvous/Info.plist;
				LD_RUNPATH_SEARCH_PATHS = "$(inherited) @executable_path/Frameworks";
				LIBRARY_SEARCH_PATHS = (
					"$(inherited)",
					"$(PROJECT_DIR)/Rendezvous",
				);
				"OTHER_LDFLAGS[arch=*]" = "";
				PRODUCT_NAME = "$(TARGET_NAME)";
				SWIFT_OBJC_BRIDGING_HEADER = "Rendezvous/Rendezvous-Bridging-Header.h";
				null = "";
			};
			name = Release;
		};
		B1705B491A0EBD1400538869 /* Debug */ = {
			isa = XCBuildConfiguration;
			buildSettings = {
				BUNDLE_LOADER = "$(TEST_HOST)";
				FRAMEWORK_SEARCH_PATHS = (
					"$(SDKROOT)/Developer/Library/Frameworks",
					"$(inherited)",
				);
				GCC_PREPROCESSOR_DEFINITIONS = (
					"DEBUG=1",
					"$(inherited)",
				);
				INFOPLIST_FILE = RendezvousTests/Info.plist;
				LD_RUNPATH_SEARCH_PATHS = "$(inherited) @executable_path/Frameworks @loader_path/Frameworks";
				PRODUCT_NAME = "$(TARGET_NAME)";
				TEST_HOST = "$(BUILT_PRODUCTS_DIR)/Rendezvous.app/Rendezvous";
			};
			name = Debug;
		};
		B1705B4A1A0EBD1400538869 /* Release */ = {
			isa = XCBuildConfiguration;
			buildSettings = {
				BUNDLE_LOADER = "$(TEST_HOST)";
				FRAMEWORK_SEARCH_PATHS = (
					"$(SDKROOT)/Developer/Library/Frameworks",
					"$(inherited)",
				);
				INFOPLIST_FILE = RendezvousTests/Info.plist;
				LD_RUNPATH_SEARCH_PATHS = "$(inherited) @executable_path/Frameworks @loader_path/Frameworks";
				PRODUCT_NAME = "$(TARGET_NAME)";
				TEST_HOST = "$(BUILT_PRODUCTS_DIR)/Rendezvous.app/Rendezvous";
			};
			name = Release;
		};
/* End XCBuildConfiguration section */

/* Begin XCConfigurationList section */
		B1705B1E1A0EBD1400538869 /* Build configuration list for PBXProject "Rendezvous" */ = {
			isa = XCConfigurationList;
			buildConfigurations = (
				B1705B431A0EBD1400538869 /* Debug */,
				B1705B441A0EBD1400538869 /* Release */,
			);
			defaultConfigurationIsVisible = 0;
			defaultConfigurationName = Release;
		};
		B1705B451A0EBD1400538869 /* Build configuration list for PBXNativeTarget "Rendezvous" */ = {
			isa = XCConfigurationList;
			buildConfigurations = (
				B1705B461A0EBD1400538869 /* Debug */,
				B1705B471A0EBD1400538869 /* Release */,
			);
			defaultConfigurationIsVisible = 0;
			defaultConfigurationName = Release;
		};
		B1705B481A0EBD1400538869 /* Build configuration list for PBXNativeTarget "RendezvousTests" */ = {
			isa = XCConfigurationList;
			buildConfigurations = (
				B1705B491A0EBD1400538869 /* Debug */,
				B1705B4A1A0EBD1400538869 /* Release */,
			);
			defaultConfigurationIsVisible = 0;
			defaultConfigurationName = Release;
		};
/* End XCConfigurationList section */

/* Begin XCVersionGroup section */
		B1705B2A1A0EBD1400538869 /* Rendezvous.xcdatamodeld */ = {
			isa = XCVersionGroup;
			children = (
				B1705B2B1A0EBD1400538869 /* Rendezvous.xcdatamodel */,
			);
			currentVersion = B1705B2B1A0EBD1400538869 /* Rendezvous.xcdatamodel */;
			path = Rendezvous.xcdatamodeld;
			sourceTree = "<group>";
			versionGroupType = wrapper.xcdatamodel;
		};
/* End XCVersionGroup section */
	};
	rootObject = B1705B1B1A0EBD1400538869 /* Project object */;
}
